<?xml version="1.0" encoding="utf-8"?>
<Project ToolsVersion="4.0" xmlns="http://schemas.microsoft.com/developer/msbuild/2003">
  <ItemGroup>
    <Filter Include="源文件">
      <UniqueIdentifier>{4FC737F1-C7A5-4376-A066-2A32D752A2FF}</UniqueIdentifier>
      <Extensions>cpp;c;cc;cxx;def;odl;idl;hpj;bat;asm;asmx</Extensions>
    </Filter>
    <Filter Include="头文件">
      <UniqueIdentifier>{93995380-89BD-4b04-88EB-625FBE52EBFB}</UniqueIdentifier>
      <Extensions>h;hh;hpp;hxx;hm;inl;inc;xsd</Extensions>
    </Filter>
    <Filter Include="资源文件">
      <UniqueIdentifier>{67DA6AB6-F800-4c08-8B7A-83BB121AAD01}</UniqueIdentifier>
      <Extensions>rc;ico;cur;bmp;dlg;rc2;rct;bin;rgs;gif;jpg;jpeg;jpe;resx;tiff;tif;png;wav;mfcribbon-ms</Extensions>
    </Filter>
    <Filter Include="Core">
      <UniqueIdentifier>{dc92aeee-c595-4db2-b609-b8ef177acb86}</UniqueIdentifier>
    </Filter>
    <Filter Include="OpenGL">
      <UniqueIdentifier>{365d5b0a-20df-47e9-82fd-bf97c29dcf6d}</UniqueIdentifier>
    </Filter>
  </ItemGroup>
  <ItemGroup>
    <ClInclude Include="LightPixel.hpp">
      <Filter>头文件</Filter>
    </ClInclude>
    <ClInclude Include="PreDeclare.hpp">
      <Filter>头文件</Filter>
    </ClInclude>
    <ClInclude Include="Engine.hpp">
      <Filter>头文件</Filter>
    </ClInclude>
    <ClInclude Include="Config.hpp">
      <Filter>头文件</Filter>
    </ClInclude>
    <ClInclude Include="Window.hpp">
      <Filter>头文件</Filter>
    </ClInclude>
    <ClInclude Include="Util.hpp">
      <Filter>头文件</Filter>
    </ClInclude>
    <ClInclude Include="Signals.hpp">
      <Filter>头文件</Filter>
    </ClInclude>
    <ClInclude Include="App.hpp">
      <Filter>头文件</Filter>
    </ClInclude>
    <ClInclude Include="SceneManager.hpp">
      <Filter>头文件</Filter>
    </ClInclude>
    <ClInclude Include="Renderer.hpp">
      <Filter>头文件</Filter>
    </ClInclude>
    <ClInclude Include="FrameBuffer.hpp">
      <Filter>头文件</Filter>
    </ClInclude>
    <ClInclude Include="GLFrameBuffer.hpp">
      <Filter>OpenGL</Filter>
    </ClInclude>
    <ClInclude Include="GLRenderer.hpp">
      <Filter>OpenGL</Filter>
    </ClInclude>
    <ClInclude Include="GLRenderContext.hpp">
      <Filter>OpenGL</Filter>
    </ClInclude>
    <ClInclude Include="Camera.hpp">
      <Filter>头文件</Filter>
    </ClInclude>
    <ClInclude Include="GraphicsBuffer.hpp">
      <Filter>头文件</Filter>
    </ClInclude>
    <ClInclude Include="BoundingBox.hpp">
      <Filter>头文件</Filter>
    </ClInclude>
    <ClInclude Include="RenderEffect.hpp">
      <Filter>头文件</Filter>
    </ClInclude>
    <ClInclude Include="Renderable.hpp">
      <Filter>头文件</Filter>
    </ClInclude>
    <ClInclude Include="RenderLayout.hpp">
      <Filter>头文件</Filter>
    </ClInclude>
    <ClInclude Include="RenderableHelper.hpp">
      <Filter>头文件</Filter>
    </ClInclude>
    <ClInclude Include="Input.hpp">
      <Filter>头文件</Filter>
    </ClInclude>
    <ClInclude Include="ResLoader.hpp">
      <Filter>头文件</Filter>
    </ClInclude>
  </ItemGroup>
  <ItemGroup>
    <ClCompile Include="main.cpp">
      <Filter>源文件</Filter>
    </ClCompile>
    <ClCompile Include="LightPixel.cpp">
      <Filter>源文件</Filter>
    </ClCompile>
    <ClCompile Include="Engine.cpp">
      <Filter>源文件</Filter>
    </ClCompile>
    <ClCompile Include="Config.cpp">
      <Filter>源文件</Filter>
    </ClCompile>
    <ClCompile Include="Window.cpp">
      <Filter>源文件</Filter>
    </ClCompile>
    <ClCompile Include="Util.cpp">
      <Filter>源文件</Filter>
    </ClCompile>
    <ClCompile Include="App.cpp">
      <Filter>源文件</Filter>
    </ClCompile>
    <ClCompile Include="SceneManager.cpp">
      <Filter>源文件</Filter>
    </ClCompile>
    <ClCompile Include="Renderer.cpp">
      <Filter>源文件</Filter>
    </ClCompile>
    <ClCompile Include="FrameBuffer.cpp">
      <Filter>源文件</Filter>
    </ClCompile>
    <ClCompile Include="GLFrameBuffer.cpp">
      <Filter>OpenGL</Filter>
    </ClCompile>
    <ClCompile Include="GLRenderer.cpp">
      <Filter>OpenGL</Filter>
    </ClCompile>
    <ClCompile Include="GLRenderContext.cpp">
      <Filter>OpenGL</Filter>
    </ClCompile>
    <ClCompile Include="Camera.cpp">
      <Filter>源文件</Filter>
    </ClCompile>
    <ClCompile Include="GraphicsBuffer.cpp">
      <Filter>源文件</Filter>
    </ClCompile>
    <ClCompile Include="BoundingBox.cpp">
      <Filter>源文件</Filter>
    </ClCompile>
    <ClCompile Include="RenderEffect.cpp">
      <Filter>源文件</Filter>
    </ClCompile>
    <ClCompile Include="Renderable.cpp">
      <Filter>源文件</Filter>
    </ClCompile>
    <ClCompile Include="RenderLayout.cpp">
      <Filter>源文件</Filter>
    </ClCompile>
    <ClCompile Include="RenderableHelper.cpp">
      <Filter>源文件</Filter>
    </ClCompile>
    <ClCompile Include="Input.cpp">
      <Filter>源文件</Filter>
    </ClCompile>
    <ClCompile Include="ResLoader.cpp">
      <Filter>源文件</Filter>
    </ClCompile>
  </ItemGroup>
</Project>